
Microsoft Visual Studio Solution File, Format Version 12.00
# Visual Studio Version 17
VisualStudioVersion = 17.8.34330.188
MinimumVisualStudioVersion = 10.0.40219.1
Project("{FAE04EC0-301F-11D3-BF4B-00C04F79EFBC}") = "WebApplication1", "WebApplication1.csproj", "{1B343F52-D391-4B3A-A268-659109272771}"
EndProject
Global
	GlobalSection(SolutionConfigurationPlatforms) = preSolution
		Debug|Any CPU = Debug|Any CPU
		Release|Any CPU = Release|Any CPU
	EndGlobalSection
	GlobalSection(ProjectConfigurationPlatforms) = postSolution
		{1B343F52-D391-4B3A-A268-659109272771}.Debug|Any CPU.ActiveCfg = Debug|Any CPU
		{1B343F52-D391-4B3A-A268-659109272771}.Debug|Any CPU.Build.0 = Debug|Any CPU
		{1B343F52-D391-4B3A-A268-659109272771}.Release|Any CPU.ActiveCfg = Release|Any CPU
		{1B343F52-D391-4B3A-A268-659109272771}.Release|Any CPU.Build.0 = Release|Any CPU
	EndGlobalSection
	GlobalSection(SolutionProperties) = preSolution
		HideSolutionNode = FALSE
	EndGlobalSection
	GlobalSection(ExtensibilityGlobals) = postSolution
		SolutionGuid = {309F28CF-DD40-40EF-8C4F-6E6F32D6A273}
	EndGlobalSection
EndGlobal
